
Microsoft Visual Studio Solution File, Format Version 12.00
# Visual Studio 15
VisualStudioVersion = 15.0.28010.2019
MinimumVisualStudioVersion = 10.0.40219.1
Project("{FAE04EC0-301F-11D3-BF4B-00C04F79EFBC}") = "WhoIsThat.Android", "WhoIsThat\WhoIsThat.Android\WhoIsThat.Android.csproj", "{B79452B7-DE3C-45A6-8432-46035E921428}"
EndProject
Project("{FAE04EC0-301F-11D3-BF4B-00C04F79EFBC}") = "WhoIsThat.iOS", "WhoIsThat\WhoIsThat.iOS\WhoIsThat.iOS.csproj", "{544CDB51-46DD-4304-8362-DCEB36418657}"
EndProject
Project("{FAE04EC0-301F-11D3-BF4B-00C04F79EFBC}") = "WhoIsThat.UWP", "WhoIsThat\WhoIsThat.UWP\WhoIsThat.UWP.csproj", "{497DBEDD-5942-45CE-A9BA-A3A3983B13DB}"
EndProject
Project("{9A19103F-16F7-4668-BE54-9A1E7A4F7556}") = "WhoIsThat", "WhoIsThat\WhoIsThat\WhoIsThat.csproj", "{95685546-8061-4EBF-A15E-D723ADBECEB6}"
EndProject
Project("{FAE04EC0-301F-11D3-BF4B-00C04F79EFBC}") = "WhoIsThatUnitTests", "WhoIsThatUnitTests\WhoIsThatUnitTests.csproj", "{B1EF323A-77BE-4222-BE21-0FE9E6EFE267}"
EndProject
Global
	GlobalSection(SolutionConfigurationPlatforms) = preSolution
		Ad-Hoc|Any CPU = Ad-Hoc|Any CPU
		Ad-Hoc|ARM = Ad-Hoc|ARM
		Ad-Hoc|iPhone = Ad-Hoc|iPhone
		Ad-Hoc|iPhoneSimulator = Ad-Hoc|iPhoneSimulator
		Ad-Hoc|x64 = Ad-Hoc|x64
		Ad-Hoc|x86 = Ad-Hoc|x86
		AppStore|Any CPU = AppStore|Any CPU
		AppStore|ARM = AppStore|ARM
		AppStore|iPhone = AppStore|iPhone
		AppStore|iPhoneSimulator = AppStore|iPhoneSimulator
		AppStore|x64 = AppStore|x64
		AppStore|x86 = AppStore|x86
		Debug|Any CPU = Debug|Any CPU
		Debug|ARM = Debug|ARM
		Debug|iPhone = Debug|iPhone
		Debug|iPhoneSimulator = Debug|iPhoneSimulator
		Debug|x64 = Debug|x64
		Debug|x86 = Debug|x86
		Release|Any CPU = Release|Any CPU
		Release|ARM = Release|ARM
		Release|iPhone = Release|iPhone
		Release|iPhoneSimulator = Release|iPhoneSimulator
		Release|x64 = Release|x64
		Release|x86 = Release|x86
	EndGlobalSection
	GlobalSection(ProjectConfigurationPlatforms) = postSolution
		{B79452B7-DE3C-45A6-8432-46035E921428}.Ad-Hoc|Any CPU.ActiveCfg = Release|Any CPU
		{B79452B7-DE3C-45A6-8432-46035E921428}.Ad-Hoc|Any CPU.Build.0 = Release|Any CPU
		{B79452B7-DE3C-45A6-8432-46035E921428}.Ad-Hoc|Any CPU.Deploy.0 = Release|Any CPU
		{B79452B7-DE3C-45A6-8432-46035E921428}.Ad-Hoc|ARM.ActiveCfg = Release|Any CPU
		{B79452B7-DE3C-45A6-8432-46035E921428}.Ad-Hoc|ARM.Build.0 = Release|Any CPU
		{B79452B7-DE3C-45A6-8432-46035E921428}.Ad-Hoc|ARM.Deploy.0 = Release|Any CPU
		{B79452B7-DE3C-45A6-8432-46035E921428}.Ad-Hoc|iPhone.ActiveCfg = Release|Any CPU
		{B79452B7-DE3C-45A6-8432-46035E921428}.Ad-Hoc|iPhone.Build.0 = Release|Any CPU
		{B79452B7-DE3C-45A6-8432-46035E921428}.Ad-Hoc|iPhone.Deploy.0 = Release|Any CPU
		{B79452B7-DE3C-45A6-8432-46035E921428}.Ad-Hoc|iPhoneSimulator.ActiveCfg = Release|Any CPU
		{B79452B7-DE3C-45A6-8432-46035E921428}.Ad-Hoc|iPhoneSimulator.Build.0 = Release|Any CPU
		{B79452B7-DE3C-45A6-8432-46035E921428}.Ad-Hoc|iPhoneSimulator.Deploy.0 = Release|Any CPU
		{B79452B7-DE3C-45A6-8432-46035E921428}.Ad-Hoc|x64.ActiveCfg = Release|Any CPU
		{B79452B7-DE3C-45A6-8432-46035E921428}.Ad-Hoc|x64.Build.0 = Release|Any CPU
		{B79452B7-DE3C-45A6-8432-46035E921428}.Ad-Hoc|x64.Deploy.0 = Release|Any CPU
		{B79452B7-DE3C-45A6-8432-46035E921428}.Ad-Hoc|x86.ActiveCfg = Release|Any CPU
		{B79452B7-DE3C-45A6-8432-46035E921428}.Ad-Hoc|x86.Build.0 = Release|Any CPU
		{B79452B7-DE3C-45A6-8432-46035E921428}.Ad-Hoc|x86.Deploy.0 = Release|Any CPU
		{B79452B7-DE3C-45A6-8432-46035E921428}.AppStore|Any CPU.ActiveCfg = Release|Any CPU
		{B79452B7-DE3C-45A6-8432-46035E921428}.AppStore|Any CPU.Build.0 = Release|Any CPU
		{B79452B7-DE3C-45A6-8432-46035E921428}.AppStore|Any CPU.Deploy.0 = Release|Any CPU
		{B79452B7-DE3C-45A6-8432-46035E921428}.AppStore|ARM.ActiveCfg = Release|Any CPU
		{B79452B7-DE3C-45A6-8432-46035E921428}.AppStore|ARM.Build.0 = Release|Any CPU
		{B79452B7-DE3C-45A6-8432-46035E921428}.AppStore|ARM.Deploy.0 = Release|Any CPU
		{B79452B7-DE3C-45A6-8432-46035E921428}.AppStore|iPhone.ActiveCfg = Release|Any CPU
		{B79452B7-DE3C-45A6-8432-46035E921428}.AppStore|iPhone.Build.0 = Release|Any CPU
		{B79452B7-DE3C-45A6-8432-46035E921428}.AppStore|iPhone.Deploy.0 = Release|Any CPU
		{B79452B7-DE3C-45A6-8432-46035E921428}.AppStore|iPhoneSimulator.ActiveCfg = Release|Any CPU
		{B79452B7-DE3C-45A6-8432-46035E921428}.AppStore|iPhoneSimulator.Build.0 = Release|Any CPU
		{B79452B7-DE3C-45A6-8432-46035E921428}.AppStore|iPhoneSimulator.Deploy.0 = Release|Any CPU
		{B79452B7-DE3C-45A6-8432-46035E921428}.AppStore|x64.ActiveCfg = Release|Any CPU
		{B79452B7-DE3C-45A6-8432-46035E921428}.AppStore|x64.Build.0 = Release|Any CPU
		{B79452B7-DE3C-45A6-8432-46035E921428}.AppStore|x64.Deploy.0 = Release|Any CPU
		{B79452B7-DE3C-45A6-8432-46035E921428}.AppStore|x86.ActiveCfg = Release|Any CPU
		{B79452B7-DE3C-45A6-8432-46035E921428}.AppStore|x86.Build.0 = Release|Any CPU
		{B79452B7-DE3C-45A6-8432-46035E921428}.AppStore|x86.Deploy.0 = Release|Any CPU
		{B79452B7-DE3C-45A6-8432-46035E921428}.Debug|Any CPU.ActiveCfg = Debug|Any CPU
		{B79452B7-DE3C-45A6-8432-46035E921428}.Debug|Any CPU.Build.0 = Debug|Any CPU
		{B79452B7-DE3C-45A6-8432-46035E921428}.Debug|Any CPU.Deploy.0 = Debug|Any CPU
		{B79452B7-DE3C-45A6-8432-46035E921428}.Debug|ARM.ActiveCfg = Debug|Any CPU
		{B79452B7-DE3C-45A6-8432-46035E921428}.Debug|ARM.Build.0 = Debug|Any CPU
		{B79452B7-DE3C-45A6-8432-46035E921428}.Debug|ARM.Deploy.0 = Debug|Any CPU
		{B79452B7-DE3C-45A6-8432-46035E921428}.Debug|iPhone.ActiveCfg = Debug|Any CPU
		{B79452B7-DE3C-45A6-8432-46035E921428}.Debug|iPhone.Build.0 = Debug|Any CPU
		{B79452B7-DE3C-45A6-8432-46035E921428}.Debug|iPhone.Deploy.0 = Debug|Any CPU
		{B79452B7-DE3C-45A6-8432-46035E921428}.Debug|iPhoneSimulator.ActiveCfg = Debug|Any CPU
		{B79452B7-DE3C-45A6-8432-46035E921428}.Debug|iPhoneSimulator.Build.0 = Debug|Any CPU
		{B79452B7-DE3C-45A6-8432-46035E921428}.Debug|iPhoneSimulator.Deploy.0 = Debug|Any CPU
		{B79452B7-DE3C-45A6-8432-46035E921428}.Debug|x64.ActiveCfg = Debug|Any CPU
		{B79452B7-DE3C-45A6-8432-46035E921428}.Debug|x64.Build.0 = Debug|Any CPU
		{B79452B7-DE3C-45A6-8432-46035E921428}.Debug|x64.Deploy.0 = Debug|Any CPU
		{B79452B7-DE3C-45A6-8432-46035E921428}.Debug|x86.ActiveCfg = Debug|Any CPU
		{B79452B7-DE3C-45A6-8432-46035E921428}.Debug|x86.Build.0 = Debug|Any CPU
		{B79452B7-DE3C-45A6-8432-46035E921428}.Debug|x86.Deploy.0 = Debug|Any CPU
		{B79452B7-DE3C-45A6-8432-46035E921428}.Release|Any CPU.ActiveCfg = Release|Any CPU
		{B79452B7-DE3C-45A6-8432-46035E921428}.Release|Any CPU.Build.0 = Release|Any CPU
		{B79452B7-DE3C-45A6-8432-46035E921428}.Release|Any CPU.Deploy.0 = Release|Any CPU
		{B79452B7-DE3C-45A6-8432-46035E921428}.Release|ARM.ActiveCfg = Release|Any CPU
		{B79452B7-DE3C-45A6-8432-46035E921428}.Release|ARM.Build.0 = Release|Any CPU
		{B79452B7-DE3C-45A6-8432-46035E921428}.Release|ARM.Deploy.0 = Release|Any CPU
		{B79452B7-DE3C-45A6-8432-46035E921428}.Release|iPhone.ActiveCfg = Release|Any CPU
		{B79452B7-DE3C-45A6-8432-46035E921428}.Release|iPhone.Build.0 = Release|Any CPU
		{B79452B7-DE3C-45A6-8432-46035E921428}.Release|iPhone.Deploy.0 = Release|Any CPU
		{B79452B7-DE3C-45A6-8432-46035E921428}.Release|iPhoneSimulator.ActiveCfg = Release|Any CPU
		{B79452B7-DE3C-45A6-8432-46035E921428}.Release|iPhoneSimulator.Build.0 = Release|Any CPU
		{B79452B7-DE3C-45A6-8432-46035E921428}.Release|iPhoneSimulator.Deploy.0 = Release|Any CPU
		{B79452B7-DE3C-45A6-8432-46035E921428}.Release|x64.ActiveCfg = Release|Any CPU
		{B79452B7-DE3C-45A6-8432-46035E921428}.Release|x64.Build.0 = Release|Any CPU
		{B79452B7-DE3C-45A6-8432-46035E921428}.Release|x64.Deploy.0 = Release|Any CPU
		{B79452B7-DE3C-45A6-8432-46035E921428}.Release|x86.ActiveCfg = Release|Any CPU
		{B79452B7-DE3C-45A6-8432-46035E921428}.Release|x86.Build.0 = Release|Any CPU
		{B79452B7-DE3C-45A6-8432-46035E921428}.Release|x86.Deploy.0 = Release|Any CPU
		{544CDB51-46DD-4304-8362-DCEB36418657}.Ad-Hoc|Any CPU.ActiveCfg = Ad-Hoc|iPhone
		{544CDB51-46DD-4304-8362-DCEB36418657}.Ad-Hoc|Any CPU.Build.0 = Ad-Hoc|iPhone
		{544CDB51-46DD-4304-8362-DCEB36418657}.Ad-Hoc|Any CPU.Deploy.0 = Ad-Hoc|iPhone
		{544CDB51-46DD-4304-8362-DCEB36418657}.Ad-Hoc|ARM.ActiveCfg = Ad-Hoc|iPhone
		{544CDB51-46DD-4304-8362-DCEB36418657}.Ad-Hoc|ARM.Build.0 = Ad-Hoc|iPhone
		{544CDB51-46DD-4304-8362-DCEB36418657}.Ad-Hoc|ARM.Deploy.0 = Ad-Hoc|iPhone
		{544CDB51-46DD-4304-8362-DCEB36418657}.Ad-Hoc|iPhone.ActiveCfg = Ad-Hoc|iPhone
		{544CDB51-46DD-4304-8362-DCEB36418657}.Ad-Hoc|iPhone.Build.0 = Ad-Hoc|iPhone
		{544CDB51-46DD-4304-8362-DCEB36418657}.Ad-Hoc|iPhone.Deploy.0 = Ad-Hoc|iPhone
		{544CDB51-46DD-4304-8362-DCEB36418657}.Ad-Hoc|iPhoneSimulator.ActiveCfg = Ad-Hoc|iPhoneSimulator
		{544CDB51-46DD-4304-8362-DCEB36418657}.Ad-Hoc|iPhoneSimulator.Build.0 = Ad-Hoc|iPhoneSimulator
		{544CDB51-46DD-4304-8362-DCEB36418657}.Ad-Hoc|iPhoneSimulator.Deploy.0 = Ad-Hoc|iPhoneSimulator
		{544CDB51-46DD-4304-8362-DCEB36418657}.Ad-Hoc|x64.ActiveCfg = Ad-Hoc|iPhone
		{544CDB51-46DD-4304-8362-DCEB36418657}.Ad-Hoc|x64.Build.0 = Ad-Hoc|iPhone
		{544CDB51-46DD-4304-8362-DCEB36418657}.Ad-Hoc|x64.Deploy.0 = Ad-Hoc|iPhone
		{544CDB51-46DD-4304-8362-DCEB36418657}.Ad-Hoc|x86.ActiveCfg = Ad-Hoc|iPhone
		{544CDB51-46DD-4304-8362-DCEB36418657}.Ad-Hoc|x86.Build.0 = Ad-Hoc|iPhone
		{544CDB51-46DD-4304-8362-DCEB36418657}.Ad-Hoc|x86.Deploy.0 = Ad-Hoc|iPhone
		{544CDB51-46DD-4304-8362-DCEB36418657}.AppStore|Any CPU.ActiveCfg = AppStore|iPhone
		{544CDB51-46DD-4304-8362-DCEB36418657}.AppStore|Any CPU.Build.0 = AppStore|iPhone
		{544CDB51-46DD-4304-8362-DCEB36418657}.AppStore|Any CPU.Deploy.0 = AppStore|iPhone
		{544CDB51-46DD-4304-8362-DCEB36418657}.AppStore|ARM.ActiveCfg = AppStore|iPhone
		{544CDB51-46DD-4304-8362-DCEB36418657}.AppStore|ARM.Build.0 = AppStore|iPhone
		{544CDB51-46DD-4304-8362-DCEB36418657}.AppStore|ARM.Deploy.0 = AppStore|iPhone
		{544CDB51-46DD-4304-8362-DCEB36418657}.AppStore|iPhone.ActiveCfg = AppStore|iPhone
		{544CDB51-46DD-4304-8362-DCEB36418657}.AppStore|iPhone.Build.0 = AppStore|iPhone
		{544CDB51-46DD-4304-8362-DCEB36418657}.AppStore|iPhone.Deploy.0 = AppStore|iPhone
		{544CDB51-46DD-4304-8362-DCEB36418657}.AppStore|iPhoneSimulator.ActiveCfg = AppStore|iPhoneSimulator
		{544CDB51-46DD-4304-8362-DCEB36418657}.AppStore|iPhoneSimulator.Build.0 = AppStore|iPhoneSimulator
		{544CDB51-46DD-4304-8362-DCEB36418657}.AppStore|iPhoneSimulator.Deploy.0 = AppStore|iPhoneSimulator
		{544CDB51-46DD-4304-8362-DCEB36418657}.AppStore|x64.ActiveCfg = AppStore|iPhone
		{544CDB51-46DD-4304-8362-DCEB36418657}.AppStore|x64.Build.0 = AppStore|iPhone
		{544CDB51-46DD-4304-8362-DCEB36418657}.AppStore|x64.Deploy.0 = AppStore|iPhone
		{544CDB51-46DD-4304-8362-DCEB36418657}.AppStore|x86.ActiveCfg = AppStore|iPhone
		{544CDB51-46DD-4304-8362-DCEB36418657}.AppStore|x86.Build.0 = AppStore|iPhone
		{544CDB51-46DD-4304-8362-DCEB36418657}.AppStore|x86.Deploy.0 = AppStore|iPhone
		{544CDB51-46DD-4304-8362-DCEB36418657}.Debug|Any CPU.ActiveCfg = Debug|iPhoneSimulator
		{544CDB51-46DD-4304-8362-DCEB36418657}.Debug|Any CPU.Build.0 = Debug|iPhoneSimulator
		{544CDB51-46DD-4304-8362-DCEB36418657}.Debug|Any CPU.Deploy.0 = Debug|iPhoneSimulator
		{544CDB51-46DD-4304-8362-DCEB36418657}.Debug|ARM.ActiveCfg = Debug|iPhone
		{544CDB51-46DD-4304-8362-DCEB36418657}.Debug|ARM.Build.0 = Debug|iPhone
		{544CDB51-46DD-4304-8362-DCEB36418657}.Debug|ARM.Deploy.0 = Debug|iPhone
		{544CDB51-46DD-4304-8362-DCEB36418657}.Debug|iPhone.ActiveCfg = Debug|iPhone
		{544CDB51-46DD-4304-8362-DCEB36418657}.Debug|iPhone.Build.0 = Debug|iPhone
		{544CDB51-46DD-4304-8362-DCEB36418657}.Debug|iPhone.Deploy.0 = Debug|iPhone
		{544CDB51-46DD-4304-8362-DCEB36418657}.Debug|iPhoneSimulator.ActiveCfg = Debug|iPhoneSimulator
		{544CDB51-46DD-4304-8362-DCEB36418657}.Debug|iPhoneSimulator.Build.0 = Debug|iPhoneSimulator
		{544CDB51-46DD-4304-8362-DCEB36418657}.Debug|iPhoneSimulator.Deploy.0 = Debug|iPhoneSimulator
		{544CDB51-46DD-4304-8362-DCEB36418657}.Debug|x64.ActiveCfg = Debug|iPhone
		{544CDB51-46DD-4304-8362-DCEB36418657}.Debug|x64.Build.0 = Debug|iPhone
		{544CDB51-46DD-4304-8362-DCEB36418657}.Debug|x64.Deploy.0 = Debug|iPhone
		{544CDB51-46DD-4304-8362-DCEB36418657}.Debug|x86.ActiveCfg = Debug|iPhone
		{544CDB51-46DD-4304-8362-DCEB36418657}.Debug|x86.Build.0 = Debug|iPhone
		{544CDB51-46DD-4304-8362-DCEB36418657}.Debug|x86.Deploy.0 = Debug|iPhone
		{544CDB51-46DD-4304-8362-DCEB36418657}.Release|Any CPU.ActiveCfg = Release|iPhone
		{544CDB51-46DD-4304-8362-DCEB36418657}.Release|Any CPU.Build.0 = Release|iPhone
		{544CDB51-46DD-4304-8362-DCEB36418657}.Release|Any CPU.Deploy.0 = Release|iPhone
		{544CDB51-46DD-4304-8362-DCEB36418657}.Release|ARM.ActiveCfg = Release|iPhone
		{544CDB51-46DD-4304-8362-DCEB36418657}.Release|ARM.Build.0 = Release|iPhone
		{544CDB51-46DD-4304-8362-DCEB36418657}.Release|ARM.Deploy.0 = Release|iPhone
		{544CDB51-46DD-4304-8362-DCEB36418657}.Release|iPhone.ActiveCfg = Release|iPhone
		{544CDB51-46DD-4304-8362-DCEB36418657}.Release|iPhone.Build.0 = Release|iPhone
		{544CDB51-46DD-4304-8362-DCEB36418657}.Release|iPhone.Deploy.0 = Release|iPhone
		{544CDB51-46DD-4304-8362-DCEB36418657}.Release|iPhoneSimulator.ActiveCfg = Release|iPhoneSimulator
		{544CDB51-46DD-4304-8362-DCEB36418657}.Release|iPhoneSimulator.Build.0 = Release|iPhoneSimulator
		{544CDB51-46DD-4304-8362-DCEB36418657}.Release|iPhoneSimulator.Deploy.0 = Release|iPhoneSimulator
		{544CDB51-46DD-4304-8362-DCEB36418657}.Release|x64.ActiveCfg = Release|iPhone
		{544CDB51-46DD-4304-8362-DCEB36418657}.Release|x64.Build.0 = Release|iPhone
		{544CDB51-46DD-4304-8362-DCEB36418657}.Release|x64.Deploy.0 = Release|iPhone
		{544CDB51-46DD-4304-8362-DCEB36418657}.Release|x86.ActiveCfg = Release|iPhone
		{544CDB51-46DD-4304-8362-DCEB36418657}.Release|x86.Build.0 = Release|iPhone
		{544CDB51-46DD-4304-8362-DCEB36418657}.Release|x86.Deploy.0 = Release|iPhone
		{497DBEDD-5942-45CE-A9BA-A3A3983B13DB}.Ad-Hoc|Any CPU.ActiveCfg = Release|x86
		{497DBEDD-5942-45CE-A9BA-A3A3983B13DB}.Ad-Hoc|Any CPU.Build.0 = Release|x86
		{497DBEDD-5942-45CE-A9BA-A3A3983B13DB}.Ad-Hoc|Any CPU.Deploy.0 = Release|x86
		{497DBEDD-5942-45CE-A9BA-A3A3983B13DB}.Ad-Hoc|ARM.ActiveCfg = Release|ARM
		{497DBEDD-5942-45CE-A9BA-A3A3983B13DB}.Ad-Hoc|ARM.Build.0 = Release|ARM
		{497DBEDD-5942-45CE-A9BA-A3A3983B13DB}.Ad-Hoc|ARM.Deploy.0 = Release|ARM
		{497DBEDD-5942-45CE-A9BA-A3A3983B13DB}.Ad-Hoc|iPhone.ActiveCfg = Release|x86
		{497DBEDD-5942-45CE-A9BA-A3A3983B13DB}.Ad-Hoc|iPhone.Build.0 = Release|x86
		{497DBEDD-5942-45CE-A9BA-A3A3983B13DB}.Ad-Hoc|iPhone.Deploy.0 = Release|x86
		{497DBEDD-5942-45CE-A9BA-A3A3983B13DB}.Ad-Hoc|iPhoneSimulator.ActiveCfg = Release|x86
		{497DBEDD-5942-45CE-A9BA-A3A3983B13DB}.Ad-Hoc|iPhoneSimulator.Build.0 = Release|x86
		{497DBEDD-5942-45CE-A9BA-A3A3983B13DB}.Ad-Hoc|iPhoneSimulator.Deploy.0 = Release|x86
		{497DBEDD-5942-45CE-A9BA-A3A3983B13DB}.Ad-Hoc|x64.ActiveCfg = Release|x64
		{497DBEDD-5942-45CE-A9BA-A3A3983B13DB}.Ad-Hoc|x64.Build.0 = Release|x64
		{497DBEDD-5942-45CE-A9BA-A3A3983B13DB}.Ad-Hoc|x64.Deploy.0 = Release|x64
		{497DBEDD-5942-45CE-A9BA-A3A3983B13DB}.Ad-Hoc|x86.ActiveCfg = Release|x86
		{497DBEDD-5942-45CE-A9BA-A3A3983B13DB}.Ad-Hoc|x86.Build.0 = Release|x86
		{497DBEDD-5942-45CE-A9BA-A3A3983B13DB}.Ad-Hoc|x86.Deploy.0 = Release|x86
		{497DBEDD-5942-45CE-A9BA-A3A3983B13DB}.AppStore|Any CPU.ActiveCfg = Release|x86
		{497DBEDD-5942-45CE-A9BA-A3A3983B13DB}.AppStore|Any CPU.Build.0 = Release|x86
		{497DBEDD-5942-45CE-A9BA-A3A3983B13DB}.AppStore|Any CPU.Deploy.0 = Release|x86
		{497DBEDD-5942-45CE-A9BA-A3A3983B13DB}.AppStore|ARM.ActiveCfg = Release|ARM
		{497DBEDD-5942-45CE-A9BA-A3A3983B13DB}.AppStore|ARM.Build.0 = Release|ARM
		{497DBEDD-5942-45CE-A9BA-A3A3983B13DB}.AppStore|ARM.Deploy.0 = Release|ARM
		{497DBEDD-5942-45CE-A9BA-A3A3983B13DB}.AppStore|iPhone.ActiveCfg = Release|x86
		{497DBEDD-5942-45CE-A9BA-A3A3983B13DB}.AppStore|iPhone.Build.0 = Release|x86
		{497DBEDD-5942-45CE-A9BA-A3A3983B13DB}.AppStore|iPhone.Deploy.0 = Release|x86
		{497DBEDD-5942-45CE-A9BA-A3A3983B13DB}.AppStore|iPhoneSimulator.ActiveCfg = Release|x86
		{497DBEDD-5942-45CE-A9BA-A3A3983B13DB}.AppStore|iPhoneSimulator.Build.0 = Release|x86
		{497DBEDD-5942-45CE-A9BA-A3A3983B13DB}.AppStore|iPhoneSimulator.Deploy.0 = Release|x86
		{497DBEDD-5942-45CE-A9BA-A3A3983B13DB}.AppStore|x64.ActiveCfg = Release|x64
		{497DBEDD-5942-45CE-A9BA-A3A3983B13DB}.AppStore|x64.Build.0 = Release|x64
		{497DBEDD-5942-45CE-A9BA-A3A3983B13DB}.AppStore|x64.Deploy.0 = Release|x64
		{497DBEDD-5942-45CE-A9BA-A3A3983B13DB}.AppStore|x86.ActiveCfg = Release|x86
		{497DBEDD-5942-45CE-A9BA-A3A3983B13DB}.AppStore|x86.Build.0 = Release|x86
		{497DBEDD-5942-45CE-A9BA-A3A3983B13DB}.AppStore|x86.Deploy.0 = Release|x86
		{497DBEDD-5942-45CE-A9BA-A3A3983B13DB}.Debug|Any CPU.ActiveCfg = Debug|x86
		{497DBEDD-5942-45CE-A9BA-A3A3983B13DB}.Debug|Any CPU.Build.0 = Debug|x86
		{497DBEDD-5942-45CE-A9BA-A3A3983B13DB}.Debug|Any CPU.Deploy.0 = Debug|x86
		{497DBEDD-5942-45CE-A9BA-A3A3983B13DB}.Debug|ARM.ActiveCfg = Debug|ARM
		{497DBEDD-5942-45CE-A9BA-A3A3983B13DB}.Debug|ARM.Build.0 = Debug|ARM
		{497DBEDD-5942-45CE-A9BA-A3A3983B13DB}.Debug|ARM.Deploy.0 = Debug|ARM
		{497DBEDD-5942-45CE-A9BA-A3A3983B13DB}.Debug|iPhone.ActiveCfg = Debug|x86
		{497DBEDD-5942-45CE-A9BA-A3A3983B13DB}.Debug|iPhone.Build.0 = Debug|x86
		{497DBEDD-5942-45CE-A9BA-A3A3983B13DB}.Debug|iPhone.Deploy.0 = Debug|x86
		{497DBEDD-5942-45CE-A9BA-A3A3983B13DB}.Debug|iPhoneSimulator.ActiveCfg = Debug|x86
		{497DBEDD-5942-45CE-A9BA-A3A3983B13DB}.Debug|iPhoneSimulator.Build.0 = Debug|x86
		{497DBEDD-5942-45CE-A9BA-A3A3983B13DB}.Debug|iPhoneSimulator.Deploy.0 = Debug|x86
		{497DBEDD-5942-45CE-A9BA-A3A3983B13DB}.Debug|x64.ActiveCfg = Debug|x64
		{497DBEDD-5942-45CE-A9BA-A3A3983B13DB}.Debug|x64.Build.0 = Debug|x64
		{497DBEDD-5942-45CE-A9BA-A3A3983B13DB}.Debug|x64.Deploy.0 = Debug|x64
		{497DBEDD-5942-45CE-A9BA-A3A3983B13DB}.Debug|x86.ActiveCfg = Debug|x64
		{497DBEDD-5942-45CE-A9BA-A3A3983B13DB}.Debug|x86.Build.0 = Debug|x64
		{497DBEDD-5942-45CE-A9BA-A3A3983B13DB}.Debug|x86.Deploy.0 = Debug|x64
		{497DBEDD-5942-45CE-A9BA-A3A3983B13DB}.Release|Any CPU.ActiveCfg = Release|x86
		{497DBEDD-5942-45CE-A9BA-A3A3983B13DB}.Release|Any CPU.Build.0 = Release|x86
		{497DBEDD-5942-45CE-A9BA-A3A3983B13DB}.Release|Any CPU.Deploy.0 = Release|x86
		{497DBEDD-5942-45CE-A9BA-A3A3983B13DB}.Release|ARM.ActiveCfg = Release|ARM
		{497DBEDD-5942-45CE-A9BA-A3A3983B13DB}.Release|ARM.Build.0 = Release|ARM
		{497DBEDD-5942-45CE-A9BA-A3A3983B13DB}.Release|ARM.Deploy.0 = Release|ARM
		{497DBEDD-5942-45CE-A9BA-A3A3983B13DB}.Release|iPhone.ActiveCfg = Release|x86
		{497DBEDD-5942-45CE-A9BA-A3A3983B13DB}.Release|iPhone.Build.0 = Release|x86
		{497DBEDD-5942-45CE-A9BA-A3A3983B13DB}.Release|iPhone.Deploy.0 = Release|x86
		{497DBEDD-5942-45CE-A9BA-A3A3983B13DB}.Release|iPhoneSimulator.ActiveCfg = Release|x86
		{497DBEDD-5942-45CE-A9BA-A3A3983B13DB}.Release|iPhoneSimulator.Build.0 = Release|x86
		{497DBEDD-5942-45CE-A9BA-A3A3983B13DB}.Release|iPhoneSimulator.Deploy.0 = Release|x86
		{497DBEDD-5942-45CE-A9BA-A3A3983B13DB}.Release|x64.ActiveCfg = Release|x64
		{497DBEDD-5942-45CE-A9BA-A3A3983B13DB}.Release|x64.Build.0 = Release|x64
		{497DBEDD-5942-45CE-A9BA-A3A3983B13DB}.Release|x64.Deploy.0 = Release|x64
		{497DBEDD-5942-45CE-A9BA-A3A3983B13DB}.Release|x86.ActiveCfg = Release|x86
		{497DBEDD-5942-45CE-A9BA-A3A3983B13DB}.Release|x86.Build.0 = Release|x86
		{497DBEDD-5942-45CE-A9BA-A3A3983B13DB}.Release|x86.Deploy.0 = Release|x86
		{95685546-8061-4EBF-A15E-D723ADBECEB6}.Ad-Hoc|Any CPU.ActiveCfg = Debug|Any CPU
		{95685546-8061-4EBF-A15E-D723ADBECEB6}.Ad-Hoc|Any CPU.Build.0 = Debug|Any CPU
		{95685546-8061-4EBF-A15E-D723ADBECEB6}.Ad-Hoc|Any CPU.Deploy.0 = Debug|Any CPU
		{95685546-8061-4EBF-A15E-D723ADBECEB6}.Ad-Hoc|ARM.ActiveCfg = Debug|Any CPU
		{95685546-8061-4EBF-A15E-D723ADBECEB6}.Ad-Hoc|ARM.Build.0 = Debug|Any CPU
		{95685546-8061-4EBF-A15E-D723ADBECEB6}.Ad-Hoc|ARM.Deploy.0 = Debug|Any CPU
		{95685546-8061-4EBF-A15E-D723ADBECEB6}.Ad-Hoc|iPhone.ActiveCfg = Debug|Any CPU
		{95685546-8061-4EBF-A15E-D723ADBECEB6}.Ad-Hoc|iPhone.Build.0 = Debug|Any CPU
		{95685546-8061-4EBF-A15E-D723ADBECEB6}.Ad-Hoc|iPhone.Deploy.0 = Debug|Any CPU
		{95685546-8061-4EBF-A15E-D723ADBECEB6}.Ad-Hoc|iPhoneSimulator.ActiveCfg = Debug|Any CPU
		{95685546-8061-4EBF-A15E-D723ADBECEB6}.Ad-Hoc|iPhoneSimulator.Build.0 = Debug|Any CPU
		{95685546-8061-4EBF-A15E-D723ADBECEB6}.Ad-Hoc|iPhoneSimulator.Deploy.0 = Debug|Any CPU
		{95685546-8061-4EBF-A15E-D723ADBECEB6}.Ad-Hoc|x64.ActiveCfg = Debug|Any CPU
		{95685546-8061-4EBF-A15E-D723ADBECEB6}.Ad-Hoc|x64.Build.0 = Debug|Any CPU
		{95685546-8061-4EBF-A15E-D723ADBECEB6}.Ad-Hoc|x64.Deploy.0 = Debug|Any CPU
		{95685546-8061-4EBF-A15E-D723ADBECEB6}.Ad-Hoc|x86.ActiveCfg = Debug|Any CPU
		{95685546-8061-4EBF-A15E-D723ADBECEB6}.Ad-Hoc|x86.Build.0 = Debug|Any CPU
		{95685546-8061-4EBF-A15E-D723ADBECEB6}.Ad-Hoc|x86.Deploy.0 = Debug|Any CPU
		{95685546-8061-4EBF-A15E-D723ADBECEB6}.AppStore|Any CPU.ActiveCfg = Debug|Any CPU
		{95685546-8061-4EBF-A15E-D723ADBECEB6}.AppStore|Any CPU.Build.0 = Debug|Any CPU
		{95685546-8061-4EBF-A15E-D723ADBECEB6}.AppStore|Any CPU.Deploy.0 = Debug|Any CPU
		{95685546-8061-4EBF-A15E-D723ADBECEB6}.AppStore|ARM.ActiveCfg = Debug|Any CPU
		{95685546-8061-4EBF-A15E-D723ADBECEB6}.AppStore|ARM.Build.0 = Debug|Any CPU
		{95685546-8061-4EBF-A15E-D723ADBECEB6}.AppStore|ARM.Deploy.0 = Debug|Any CPU
		{95685546-8061-4EBF-A15E-D723ADBECEB6}.AppStore|iPhone.ActiveCfg = Debug|Any CPU
		{95685546-8061-4EBF-A15E-D723ADBECEB6}.AppStore|iPhone.Build.0 = Debug|Any CPU
		{95685546-8061-4EBF-A15E-D723ADBECEB6}.AppStore|iPhone.Deploy.0 = Debug|Any CPU
		{95685546-8061-4EBF-A15E-D723ADBECEB6}.AppStore|iPhoneSimulator.ActiveCfg = Debug|Any CPU
		{95685546-8061-4EBF-A15E-D723ADBECEB6}.AppStore|iPhoneSimulator.Build.0 = Debug|Any CPU
		{95685546-8061-4EBF-A15E-D723ADBECEB6}.AppStore|iPhoneSimulator.Deploy.0 = Debug|Any CPU
		{95685546-8061-4EBF-A15E-D723ADBECEB6}.AppStore|x64.ActiveCfg = Debug|Any CPU
		{95685546-8061-4EBF-A15E-D723ADBECEB6}.AppStore|x64.Build.0 = Debug|Any CPU
		{95685546-8061-4EBF-A15E-D723ADBECEB6}.AppStore|x64.Deploy.0 = Debug|Any CPU
		{95685546-8061-4EBF-A15E-D723ADBECEB6}.AppStore|x86.ActiveCfg = Debug|Any CPU
		{95685546-8061-4EBF-A15E-D723ADBECEB6}.AppStore|x86.Build.0 = Debug|Any CPU
		{95685546-8061-4EBF-A15E-D723ADBECEB6}.AppStore|x86.Deploy.0 = Debug|Any CPU
		{95685546-8061-4EBF-A15E-D723ADBECEB6}.Debug|Any CPU.ActiveCfg = Debug|Any CPU
		{95685546-8061-4EBF-A15E-D723ADBECEB6}.Debug|Any CPU.Build.0 = Debug|Any CPU
		{95685546-8061-4EBF-A15E-D723ADBECEB6}.Debug|Any CPU.Deploy.0 = Debug|Any CPU
		{95685546-8061-4EBF-A15E-D723ADBECEB6}.Debug|ARM.ActiveCfg = Debug|Any CPU
		{95685546-8061-4EBF-A15E-D723ADBECEB6}.Debug|ARM.Build.0 = Debug|Any CPU
		{95685546-8061-4EBF-A15E-D723ADBECEB6}.Debug|ARM.Deploy.0 = Debug|Any CPU
		{95685546-8061-4EBF-A15E-D723ADBECEB6}.Debug|iPhone.ActiveCfg = Debug|Any CPU
		{95685546-8061-4EBF-A15E-D723ADBECEB6}.Debug|iPhone.Build.0 = Debug|Any CPU
		{95685546-8061-4EBF-A15E-D723ADBECEB6}.Debug|iPhone.Deploy.0 = Debug|Any CPU
		{95685546-8061-4EBF-A15E-D723ADBECEB6}.Debug|iPhoneSimulator.ActiveCfg = Debug|Any CPU
		{95685546-8061-4EBF-A15E-D723ADBECEB6}.Debug|iPhoneSimulator.Build.0 = Debug|Any CPU
		{95685546-8061-4EBF-A15E-D723ADBECEB6}.Debug|iPhoneSimulator.Deploy.0 = Debug|Any CPU
		{95685546-8061-4EBF-A15E-D723ADBECEB6}.Debug|x64.ActiveCfg = Debug|Any CPU
		{95685546-8061-4EBF-A15E-D723ADBECEB6}.Debug|x64.Build.0 = Debug|Any CPU
		{95685546-8061-4EBF-A15E-D723ADBECEB6}.Debug|x64.Deploy.0 = Debug|Any CPU
		{95685546-8061-4EBF-A15E-D723ADBECEB6}.Debug|x86.ActiveCfg = Debug|Any CPU
		{95685546-8061-4EBF-A15E-D723ADBECEB6}.Debug|x86.Build.0 = Debug|Any CPU
		{95685546-8061-4EBF-A15E-D723ADBECEB6}.Debug|x86.Deploy.0 = Debug|Any CPU
		{95685546-8061-4EBF-A15E-D723ADBECEB6}.Release|Any CPU.ActiveCfg = Release|Any CPU
		{95685546-8061-4EBF-A15E-D723ADBECEB6}.Release|Any CPU.Build.0 = Release|Any CPU
		{95685546-8061-4EBF-A15E-D723ADBECEB6}.Release|Any CPU.Deploy.0 = Release|Any CPU
		{95685546-8061-4EBF-A15E-D723ADBECEB6}.Release|ARM.ActiveCfg = Release|Any CPU
		{95685546-8061-4EBF-A15E-D723ADBECEB6}.Release|ARM.Build.0 = Release|Any CPU
		{95685546-8061-4EBF-A15E-D723ADBECEB6}.Release|ARM.Deploy.0 = Release|Any CPU
		{95685546-8061-4EBF-A15E-D723ADBECEB6}.Release|iPhone.ActiveCfg = Release|Any CPU
		{95685546-8061-4EBF-A15E-D723ADBECEB6}.Release|iPhone.Build.0 = Release|Any CPU
		{95685546-8061-4EBF-A15E-D723ADBECEB6}.Release|iPhone.Deploy.0 = Release|Any CPU
		{95685546-8061-4EBF-A15E-D723ADBECEB6}.Release|iPhoneSimulator.ActiveCfg = Release|Any CPU
		{95685546-8061-4EBF-A15E-D723ADBECEB6}.Release|iPhoneSimulator.Build.0 = Release|Any CPU
		{95685546-8061-4EBF-A15E-D723ADBECEB6}.Release|iPhoneSimulator.Deploy.0 = Release|Any CPU
		{95685546-8061-4EBF-A15E-D723ADBECEB6}.Release|x64.ActiveCfg = Release|Any CPU
		{95685546-8061-4EBF-A15E-D723ADBECEB6}.Release|x64.Build.0 = Release|Any CPU
		{95685546-8061-4EBF-A15E-D723ADBECEB6}.Release|x64.Deploy.0 = Release|Any CPU
		{95685546-8061-4EBF-A15E-D723ADBECEB6}.Release|x86.ActiveCfg = Release|Any CPU
		{95685546-8061-4EBF-A15E-D723ADBECEB6}.Release|x86.Build.0 = Release|Any CPU
		{95685546-8061-4EBF-A15E-D723ADBECEB6}.Release|x86.Deploy.0 = Release|Any CPU
		{B1EF323A-77BE-4222-BE21-0FE9E6EFE267}.Ad-Hoc|Any CPU.ActiveCfg = Debug|Any CPU
		{B1EF323A-77BE-4222-BE21-0FE9E6EFE267}.Ad-Hoc|Any CPU.Build.0 = Debug|Any CPU
		{B1EF323A-77BE-4222-BE21-0FE9E6EFE267}.Ad-Hoc|ARM.ActiveCfg = Debug|Any CPU
		{B1EF323A-77BE-4222-BE21-0FE9E6EFE267}.Ad-Hoc|ARM.Build.0 = Debug|Any CPU
		{B1EF323A-77BE-4222-BE21-0FE9E6EFE267}.Ad-Hoc|iPhone.ActiveCfg = Debug|Any CPU
		{B1EF323A-77BE-4222-BE21-0FE9E6EFE267}.Ad-Hoc|iPhone.Build.0 = Debug|Any CPU
		{B1EF323A-77BE-4222-BE21-0FE9E6EFE267}.Ad-Hoc|iPhoneSimulator.ActiveCfg = Debug|Any CPU
		{B1EF323A-77BE-4222-BE21-0FE9E6EFE267}.Ad-Hoc|iPhoneSimulator.Build.0 = Debug|Any CPU
		{B1EF323A-77BE-4222-BE21-0FE9E6EFE267}.Ad-Hoc|x64.ActiveCfg = Debug|Any CPU
		{B1EF323A-77BE-4222-BE21-0FE9E6EFE267}.Ad-Hoc|x64.Build.0 = Debug|Any CPU
		{B1EF323A-77BE-4222-BE21-0FE9E6EFE267}.Ad-Hoc|x86.ActiveCfg = Debug|Any CPU
		{B1EF323A-77BE-4222-BE21-0FE9E6EFE267}.Ad-Hoc|x86.Build.0 = Debug|Any CPU
		{B1EF323A-77BE-4222-BE21-0FE9E6EFE267}.AppStore|Any CPU.ActiveCfg = Debug|Any CPU
		{B1EF323A-77BE-4222-BE21-0FE9E6EFE267}.AppStore|Any CPU.Build.0 = Debug|Any CPU
		{B1EF323A-77BE-4222-BE21-0FE9E6EFE267}.AppStore|ARM.ActiveCfg = Debug|Any CPU
		{B1EF323A-77BE-4222-BE21-0FE9E6EFE267}.AppStore|ARM.Build.0 = Debug|Any CPU
		{B1EF323A-77BE-4222-BE21-0FE9E6EFE267}.AppStore|iPhone.ActiveCfg = Debug|Any CPU
		{B1EF323A-77BE-4222-BE21-0FE9E6EFE267}.AppStore|iPhone.Build.0 = Debug|Any CPU
		{B1EF323A-77BE-4222-BE21-0FE9E6EFE267}.AppStore|iPhoneSimulator.ActiveCfg = Debug|Any CPU
		{B1EF323A-77BE-4222-BE21-0FE9E6EFE267}.AppStore|iPhoneSimulator.Build.0 = Debug|Any CPU
		{B1EF323A-77BE-4222-BE21-0FE9E6EFE267}.AppStore|x64.ActiveCfg = Debug|Any CPU
		{B1EF323A-77BE-4222-BE21-0FE9E6EFE267}.AppStore|x64.Build.0 = Debug|Any CPU
		{B1EF323A-77BE-4222-BE21-0FE9E6EFE267}.AppStore|x86.ActiveCfg = Debug|Any CPU
		{B1EF323A-77BE-4222-BE21-0FE9E6EFE267}.AppStore|x86.Build.0 = Debug|Any CPU
		{B1EF323A-77BE-4222-BE21-0FE9E6EFE267}.Debug|Any CPU.ActiveCfg = Debug|Any CPU
		{B1EF323A-77BE-4222-BE21-0FE9E6EFE267}.Debug|Any CPU.Build.0 = Debug|Any CPU
		{B1EF323A-77BE-4222-BE21-0FE9E6EFE267}.Debug|ARM.ActiveCfg = Debug|Any CPU
		{B1EF323A-77BE-4222-BE21-0FE9E6EFE267}.Debug|ARM.Build.0 = Debug|Any CPU
		{B1EF323A-77BE-4222-BE21-0FE9E6EFE267}.Debug|iPhone.ActiveCfg = Debug|Any CPU
		{B1EF323A-77BE-4222-BE21-0FE9E6EFE267}.Debug|iPhone.Build.0 = Debug|Any CPU
		{B1EF323A-77BE-4222-BE21-0FE9E6EFE267}.Debug|iPhoneSimulator.ActiveCfg = Debug|Any CPU
		{B1EF323A-77BE-4222-BE21-0FE9E6EFE267}.Debug|iPhoneSimulator.Build.0 = Debug|Any CPU
		{B1EF323A-77BE-4222-BE21-0FE9E6EFE267}.Debug|x64.ActiveCfg = Debug|Any CPU
		{B1EF323A-77BE-4222-BE21-0FE9E6EFE267}.Debug|x64.Build.0 = Debug|Any CPU
		{B1EF323A-77BE-4222-BE21-0FE9E6EFE267}.Debug|x86.ActiveCfg = Debug|Any CPU
		{B1EF323A-77BE-4222-BE21-0FE9E6EFE267}.Debug|x86.Build.0 = Debug|Any CPU
		{B1EF323A-77BE-4222-BE21-0FE9E6EFE267}.Release|Any CPU.ActiveCfg = Release|Any CPU
		{B1EF323A-77BE-4222-BE21-0FE9E6EFE267}.Release|Any CPU.Build.0 = Release|Any CPU
		{B1EF323A-77BE-4222-BE21-0FE9E6EFE267}.Release|ARM.ActiveCfg = Release|Any CPU
		{B1EF323A-77BE-4222-BE21-0FE9E6EFE267}.Release|ARM.Build.0 = Release|Any CPU
		{B1EF323A-77BE-4222-BE21-0FE9E6EFE267}.Release|iPhone.ActiveCfg = Release|Any CPU
		{B1EF323A-77BE-4222-BE21-0FE9E6EFE267}.Release|iPhone.Build.0 = Release|Any CPU
		{B1EF323A-77BE-4222-BE21-0FE9E6EFE267}.Release|iPhoneSimulator.ActiveCfg = Release|Any CPU
		{B1EF323A-77BE-4222-BE21-0FE9E6EFE267}.Release|iPhoneSimulator.Build.0 = Release|Any CPU
		{B1EF323A-77BE-4222-BE21-0FE9E6EFE267}.Release|x64.ActiveCfg = Release|Any CPU
		{B1EF323A-77BE-4222-BE21-0FE9E6EFE267}.Release|x64.Build.0 = Release|Any CPU
		{B1EF323A-77BE-4222-BE21-0FE9E6EFE267}.Release|x86.ActiveCfg = Release|Any CPU
		{B1EF323A-77BE-4222-BE21-0FE9E6EFE267}.Release|x86.Build.0 = Release|Any CPU
	EndGlobalSection
	GlobalSection(SolutionProperties) = preSolution
		HideSolutionNode = FALSE
	EndGlobalSection
	GlobalSection(ExtensibilityGlobals) = postSolution
		SolutionGuid = {CFDB3E14-9268-45C0-880C-A4FA447CC536}
	EndGlobalSection
EndGlobal
